
Microsoft Visual Studio Solution File, Format Version 12.00
# Visual Studio Version 16
VisualStudioVersion = 16.0.30104.148
MinimumVisualStudioVersion = 10.0.40219.1
Project("{FAE04EC0-301F-11D3-BF4B-00C04F79EFBC}") = "Sontiq", "Sontiq.csproj", "{0D4E1A06-DE3D-4BEF-B319-31F8A958BB3D}"
EndProject
Global
	GlobalSection(SolutionConfigurationPlatforms) = preSolution
		Debug|Any CPU = Debug|Any CPU
		Release|Any CPU = Release|Any CPU
	EndGlobalSection
	GlobalSection(ProjectConfigurationPlatforms) = postSolution
		{0D4E1A06-DE3D-4BEF-B319-31F8A958BB3D}.Debug|Any CPU.ActiveCfg = Debug|Any CPU
		{0D4E1A06-DE3D-4BEF-B319-31F8A958BB3D}.Debug|Any CPU.Build.0 = Debug|Any CPU
		{0D4E1A06-DE3D-4BEF-B319-31F8A958BB3D}.Release|Any CPU.ActiveCfg = Release|Any CPU
		{0D4E1A06-DE3D-4BEF-B319-31F8A958BB3D}.Release|Any CPU.Build.0 = Release|Any CPU
	EndGlobalSection
	GlobalSection(SolutionProperties) = preSolution
		HideSolutionNode = FALSE
	EndGlobalSection
	GlobalSection(ExtensibilityGlobals) = postSolution
		SolutionGuid = {13FB3CAC-10FA-4A8A-A1AB-E0DF1CC917C0}
	EndGlobalSection
EndGlobal
